# THIS IS AN AUTOGENERATED FILE. DO NOT EDIT THIS FILE DIRECTLY.
# yarn lockfile v1


dayjs@^1.10.7:
  version "1.11.7"
  resolved "https://mirrors.tencent.com/npm/dayjs/-/dayjs-1.11.7.tgz#4b296922642f70999544d1144a2c25730fce63e2"
  integrity sha512-+Yw9U6YO5TQohxLcIkrXBeY73WP3ejHWVvx8XCk3gxvQDCTEmS48ZrSZCKciI7Bhl/uCMyxYtE9UqRILmFphkQ==

tdesign-miniprogram@^1.0.0-rc.1:
  version "1.0.0-rc.2"
  resolved "https://mirrors.tencent.com/npm/tdesign-miniprogram/-/tdesign-miniprogram-1.0.0-rc.2.tgz#681ec2c580e67e12e97dc696ad5ce03fb5db84c2"
  integrity sha512-uOdsbgHuycy2q2tmABI8jAoiLJOdNgiFdI4g9iD3wxTQFhwAxy5989O1JMwdbQLf/2V5UzIAD7K7+ZU5xrGDcQ==
  dependencies:
    dayjs "^1.10.7"
